
Microsoft Visual Studio Solution File, Format Version 12.00
# Visual Studio 15
VisualStudioVersion = 15.0.26730.12
MinimumVisualStudioVersion = 10.0.40219.1
Project("{FAE04EC0-301F-11D3-BF4B-00C04F79EFBC}") = "FarmersMarket", "FarmersMarket\FarmersMarket.csproj", "{103B834E-C455-4635-90EA-B638B7DB27A7}"
EndProject
Global
	GlobalSection(SolutionConfigurationPlatforms) = preSolution
		Debug|Any CPU = Debug|Any CPU
		Release|Any CPU = Release|Any CPU
	EndGlobalSection
	GlobalSection(ProjectConfigurationPlatforms) = postSolution
		{103B834E-C455-4635-90EA-B638B7DB27A7}.Debug|Any CPU.ActiveCfg = Debug|Any CPU
		{103B834E-C455-4635-90EA-B638B7DB27A7}.Debug|Any CPU.Build.0 = Debug|Any CPU
		{103B834E-C455-4635-90EA-B638B7DB27A7}.Release|Any CPU.ActiveCfg = Release|Any CPU
		{103B834E-C455-4635-90EA-B638B7DB27A7}.Release|Any CPU.Build.0 = Release|Any CPU
	EndGlobalSection
	GlobalSection(SolutionProperties) = preSolution
		HideSolutionNode = FALSE
	EndGlobalSection
	GlobalSection(ExtensibilityGlobals) = postSolution
		SolutionGuid = {23293100-63E5-4407-9EAE-A6C1EE0F6C86}
	EndGlobalSection
EndGlobal
